
Microsoft Visual Studio Solution File, Format Version 12.00
# Visual Studio Version 18
VisualStudioVersion = 18.6.11806.211
MinimumVisualStudioVersion = 10.0.40219.1
Project("{FAE04EC0-301F-11D3-BF4B-00C04F79EFBC}") = "AutoWashPro.API", "AutoWashPro.API.csproj", "{62875E03-851C-0CE5-F83A-215E1E63E924}"
EndProject
Project("{FAE04EC0-301F-11D3-BF4B-00C04F79EFBC}") = "AutoWashPro.BLL", "..\AutoWashPro.BLL\AutoWashPro.BLL.csproj", "{24B553B0-CB89-4630-A968-72C0FCF252D9}"
EndProject
Project("{FAE04EC0-301F-11D3-BF4B-00C04F79EFBC}") = "AutoWashPro.DAL", "..\AutoWashPro.DAL\AutoWashPro.DAL.csproj", "{3D408DC2-1300-455D-86B6-D570B6535CF3}"
EndProject
Global
	GlobalSection(SolutionConfigurationPlatforms) = preSolution
		Debug|Any CPU = Debug|Any CPU
		Release|Any CPU = Release|Any CPU
	EndGlobalSection
	GlobalSection(ProjectConfigurationPlatforms) = postSolution
		{62875E03-851C-0CE5-F83A-215E1E63E924}.Debug|Any CPU.ActiveCfg = Debug|Any CPU
		{62875E03-851C-0CE5-F83A-215E1E63E924}.Debug|Any CPU.Build.0 = Debug|Any CPU
		{62875E03-851C-0CE5-F83A-215E1E63E924}.Release|Any CPU.ActiveCfg = Release|Any CPU
		{62875E03-851C-0CE5-F83A-215E1E63E924}.Release|Any CPU.Build.0 = Release|Any CPU
		{24B553B0-CB89-4630-A968-72C0FCF252D9}.Debug|Any CPU.ActiveCfg = Debug|Any CPU
		{24B553B0-CB89-4630-A968-72C0FCF252D9}.Debug|Any CPU.Build.0 = Debug|Any CPU
		{24B553B0-CB89-4630-A968-72C0FCF252D9}.Release|Any CPU.ActiveCfg = Release|Any CPU
		{24B553B0-CB89-4630-A968-72C0FCF252D9}.Release|Any CPU.Build.0 = Release|Any CPU
		{3D408DC2-1300-455D-86B6-D570B6535CF3}.Debug|Any CPU.ActiveCfg = Debug|Any CPU
		{3D408DC2-1300-455D-86B6-D570B6535CF3}.Debug|Any CPU.Build.0 = Debug|Any CPU
		{3D408DC2-1300-455D-86B6-D570B6535CF3}.Release|Any CPU.ActiveCfg = Release|Any CPU
		{3D408DC2-1300-455D-86B6-D570B6535CF3}.Release|Any CPU.Build.0 = Release|Any CPU
	EndGlobalSection
	GlobalSection(SolutionProperties) = preSolution
		HideSolutionNode = FALSE
	EndGlobalSection
	GlobalSection(ExtensibilityGlobals) = postSolution
		SolutionGuid = {A1B144B6-7152-462F-AFA8-568EECE8A10F}
	EndGlobalSection
EndGlobal
